[root]
name = "check"
version = "0.1.0"
dependencies = [
 "getopts 0.2.13 (registry+https://github.com/rust-lang/crates.io-index)",
 "lazy_static 0.1.14 (registry+https://github.com/rust-lang/crates.io-index)",
 "num_cpus 0.2.6 (registry+https://github.com/rust-lang/crates.io-index)",
 "threadpool 0.1.4 (registry+https://github.com/rust-lang/crates.io-index)",
]

[[package]]
name = "getopts"
version = "0.2.13"
source = "registry+https://github.com/rust-lang/crates.io-index"
dependencies = [
 "log 0.3.1 (registry+https://github.com/rust-lang/crates.io-index)",
]

[[package]]
name = "lazy_static"
version = "0.1.14"
source = "registry+https://github.com/rust-lang/crates.io-index"

[[package]]
name = "libc"
version = "0.1.10"
source = "registry+https://github.com/rust-lang/crates.io-index"

[[package]]
name = "log"
version = "0.3.1"
source = "registry+https://github.com/rust-lang/crates.io-index"
dependencies = [
 "libc 0.1.10 (registry+https://github.com/rust-lang/crates.io-index)",
]

[[package]]
name = "num_cpus"
version = "0.2.6"
source = "registry+https://github.com/rust-lang/crates.io-index"
dependencies = [
 "libc 0.1.10 (registry+https://github.com/rust-lang/crates.io-index)",
]

[[package]]
name = "threadpool"
version = "0.1.4"
source = "registry+https://github.com/rust-lang/crates.io-index"

